
Microsoft Visual Studio Solution File, Format Version 12.00
# Visual Studio Version 17
VisualStudioVersion = 17.0.32112.339
MinimumVisualStudioVersion = 10.0.40219.1
Project("{2150E333-8FDC-42A3-9474-1A3956D46DE8}") = "Examples", "Examples", "{E98C7842-EEE6-4D32-8B8F-3922FC42D1BF}"
EndProject
Project("{2150E333-8FDC-42A3-9474-1A3956D46DE8}") = "Tests", "Tests", "{065C6A67-FC60-49C2-B1E0-1C1E872E1F77}"
EndProject
Project("{2150E333-8FDC-42A3-9474-1A3956D46DE8}") = "Src", "Src", "{A9BD8E4E-35E2-4813-903D-3527D8E5E3B9}"
EndProject
Project("{9A19103F-16F7-4668-BE54-9A1E7A4F7556}") = "CZGL.Roslyn", "Src\CZGL.Roslyn\CZGL.Roslyn.csproj", "{6AA8CF6A-6F23-46BA-A458-924B999C2ECB}"
EndProject
Project("{9A19103F-16F7-4668-BE54-9A1E7A4F7556}") = "RoslynTests", "Tests\RoslynTests\RoslynTests.csproj", "{95AE4AA5-D16E-41C6-88FE-FCF190DD3D80}"
EndProject
Project("{9A19103F-16F7-4668-BE54-9A1E7A4F7556}") = "CZGL.Roslyn.Extensions", "Src\CZGL.Roslyn.Extensions\CZGL.Roslyn.Extensions.csproj", "{4313A55F-8858-4572-8A72-33F2A64E4310}"
EndProject
Project("{9A19103F-16F7-4668-BE54-9A1E7A4F7556}") = "CZGL.RoslynTool", "Src\CZGL.RoslynTool\CZGL.RoslynTool.csproj", "{F7D2F4F3-7A2D-42FB-855E-428A8E17A0F9}"
EndProject
Project("{9A19103F-16F7-4668-BE54-9A1E7A4F7556}") = "RosylnBenchmark", "Tests\RosylnBenchmark\RosylnBenchmark.csproj", "{4D57E550-4E91-4201-9DDB-3C2C2C12CEFA}"
EndProject
Project("{9A19103F-16F7-4668-BE54-9A1E7A4F7556}") = "ConsoleApp", "examples\ConsoleApp\ConsoleApp.csproj", "{1637B7A4-BDB7-435A-A678-48D16513034B}"
EndProject
Project("{9A19103F-16F7-4668-BE54-9A1E7A4F7556}") = "ConsoleTest", "examples\ConsoleTest\ConsoleTest.csproj", "{F154CB25-CA64-468C-8920-41B619E1FAF1}"
EndProject
Project("{9A19103F-16F7-4668-BE54-9A1E7A4F7556}") = "BlazorExample", "examples\BlazorExample\BlazorExample.csproj", "{013DF5FC-DAE2-4B66-92B8-178B24B2EE48}"
EndProject
Project("{9A19103F-16F7-4668-BE54-9A1E7A4F7556}") = "OnlineEdit", "examples\OnlineEdit\OnlineEdit.csproj", "{208FFE91-C334-4F15-89F2-ECD868C23791}"
EndProject
Project("{9A19103F-16F7-4668-BE54-9A1E7A4F7556}") = "RoslynExtensionsTests", "Tests\RoslynExtensionsTests\RoslynExtensionsTests.csproj", "{76E78C54-6229-4F57-9FD2-E5C2A5D44E90}"
EndProject
Project("{2150E333-8FDC-42A3-9474-1A3956D46DE8}") = "AOP", "AOP", "{3F09A783-961F-4067-B77B-290C821E9BB4}"
EndProject
Project("{9A19103F-16F7-4668-BE54-9A1E7A4F7556}") = "CZGL.RoslynAOP", "aop\CZGL.RoslynAOP\CZGL.RoslynAOP.csproj", "{CC8DDC96-15F2-4C38-AAE1-7A0AD060CC66}"
EndProject
Project("{9A19103F-16F7-4668-BE54-9A1E7A4F7556}") = "CCode.Shared.Tests", "Src\CCode.Shared.Tests\CCode.Shared.Tests.csproj", "{658DC64E-A79A-4280-B7E1-2CEBAFF81F1A}"
EndProject
Project("{9A19103F-16F7-4668-BE54-9A1E7A4F7556}") = "CCode.Reflect.Tests", "Src\CCode.Reflect.Tests\CCode.Reflect.Tests.csproj", "{D95C8DDB-87AF-45D3-981A-B53E93184F6B}"
EndProject
Project("{9A19103F-16F7-4668-BE54-9A1E7A4F7556}") = "CCode.Shared", "Src\CCode.Shared\CCode.Shared.csproj", "{873C0735-D99D-4C0C-8878-6450A2F797E0}"
EndProject
Project("{9A19103F-16F7-4668-BE54-9A1E7A4F7556}") = "CCode.Reflect", "Src\CCode.Reflect\CCode.Reflect.csproj", "{637FCD73-0E71-45F6-9DF0-F51CFED9A8F5}"
EndProject
Project("{9A19103F-16F7-4668-BE54-9A1E7A4F7556}") = "CCode.Roslyn", "Src\CCode.Roslyn\CCode.Roslyn.csproj", "{5E0A2FE3-C979-4241-8C62-92D6D9E40ADD}"
EndProject
Project("{2150E333-8FDC-42A3-9474-1A3956D46DE8}") = "nugets", "nugets", "{5C33A954-DDEF-4ECD-9B70-7DDCAA64473C}"
EndProject
Project("{FAE04EC0-301F-11D3-BF4B-00C04F79EFBC}") = "CCodeApi", "nugets\CCodeApi\CCodeApi.csproj", "{28DBAD70-191D-466C-97EE-F25598362664}"
EndProject
Global
	GlobalSection(SolutionConfigurationPlatforms) = preSolution
		Debug|Any CPU = Debug|Any CPU
		Debug|x64 = Debug|x64
		Debug|x86 = Debug|x86
		Release|Any CPU = Release|Any CPU
		Release|x64 = Release|x64
		Release|x86 = Release|x86
	EndGlobalSection
	GlobalSection(ProjectConfigurationPlatforms) = postSolution
		{6AA8CF6A-6F23-46BA-A458-924B999C2ECB}.Debug|Any CPU.ActiveCfg = Debug|Any CPU
		{6AA8CF6A-6F23-46BA-A458-924B999C2ECB}.Debug|Any CPU.Build.0 = Debug|Any CPU
		{6AA8CF6A-6F23-46BA-A458-924B999C2ECB}.Debug|x64.ActiveCfg = Debug|Any CPU
		{6AA8CF6A-6F23-46BA-A458-924B999C2ECB}.Debug|x64.Build.0 = Debug|Any CPU
		{6AA8CF6A-6F23-46BA-A458-924B999C2ECB}.Debug|x86.ActiveCfg = Debug|Any CPU
		{6AA8CF6A-6F23-46BA-A458-924B999C2ECB}.Debug|x86.Build.0 = Debug|Any CPU
		{6AA8CF6A-6F23-46BA-A458-924B999C2ECB}.Release|Any CPU.ActiveCfg = Release|Any CPU
		{6AA8CF6A-6F23-46BA-A458-924B999C2ECB}.Release|Any CPU.Build.0 = Release|Any CPU
		{6AA8CF6A-6F23-46BA-A458-924B999C2ECB}.Release|x64.ActiveCfg = Release|Any CPU
		{6AA8CF6A-6F23-46BA-A458-924B999C2ECB}.Release|x64.Build.0 = Release|Any CPU
		{6AA8CF6A-6F23-46BA-A458-924B999C2ECB}.Release|x86.ActiveCfg = Release|Any CPU
		{6AA8CF6A-6F23-46BA-A458-924B999C2ECB}.Release|x86.Build.0 = Release|Any CPU
		{95AE4AA5-D16E-41C6-88FE-FCF190DD3D80}.Debug|Any CPU.ActiveCfg = Debug|Any CPU
		{95AE4AA5-D16E-41C6-88FE-FCF190DD3D80}.Debug|Any CPU.Build.0 = Debug|Any CPU
		{95AE4AA5-D16E-41C6-88FE-FCF190DD3D80}.Debug|x64.ActiveCfg = Debug|Any CPU
		{95AE4AA5-D16E-41C6-88FE-FCF190DD3D80}.Debug|x64.Build.0 = Debug|Any CPU
		{95AE4AA5-D16E-41C6-88FE-FCF190DD3D80}.Debug|x86.ActiveCfg = Debug|Any CPU
		{95AE4AA5-D16E-41C6-88FE-FCF190DD3D80}.Debug|x86.Build.0 = Debug|Any CPU
		{95AE4AA5-D16E-41C6-88FE-FCF190DD3D80}.Release|Any CPU.ActiveCfg = Release|Any CPU
		{95AE4AA5-D16E-41C6-88FE-FCF190DD3D80}.Release|Any CPU.Build.0 = Release|Any CPU
		{95AE4AA5-D16E-41C6-88FE-FCF190DD3D80}.Release|x64.ActiveCfg = Release|Any CPU
		{95AE4AA5-D16E-41C6-88FE-FCF190DD3D80}.Release|x64.Build.0 = Release|Any CPU
		{95AE4AA5-D16E-41C6-88FE-FCF190DD3D80}.Release|x86.ActiveCfg = Release|Any CPU
		{95AE4AA5-D16E-41C6-88FE-FCF190DD3D80}.Release|x86.Build.0 = Release|Any CPU
		{4313A55F-8858-4572-8A72-33F2A64E4310}.Debug|Any CPU.ActiveCfg = Debug|Any CPU
		{4313A55F-8858-4572-8A72-33F2A64E4310}.Debug|Any CPU.Build.0 = Debug|Any CPU
		{4313A55F-8858-4572-8A72-33F2A64E4310}.Debug|x64.ActiveCfg = Debug|Any CPU
		{4313A55F-8858-4572-8A72-33F2A64E4310}.Debug|x64.Build.0 = Debug|Any CPU
		{4313A55F-8858-4572-8A72-33F2A64E4310}.Debug|x86.ActiveCfg = Debug|Any CPU
		{4313A55F-8858-4572-8A72-33F2A64E4310}.Debug|x86.Build.0 = Debug|Any CPU
		{4313A55F-8858-4572-8A72-33F2A64E4310}.Release|Any CPU.ActiveCfg = Release|Any CPU
		{4313A55F-8858-4572-8A72-33F2A64E4310}.Release|Any CPU.Build.0 = Release|Any CPU
		{4313A55F-8858-4572-8A72-33F2A64E4310}.Release|x64.ActiveCfg = Release|Any CPU
		{4313A55F-8858-4572-8A72-33F2A64E4310}.Release|x64.Build.0 = Release|Any CPU
		{4313A55F-8858-4572-8A72-33F2A64E4310}.Release|x86.ActiveCfg = Release|Any CPU
		{4313A55F-8858-4572-8A72-33F2A64E4310}.Release|x86.Build.0 = Release|Any CPU
		{F7D2F4F3-7A2D-42FB-855E-428A8E17A0F9}.Debug|Any CPU.ActiveCfg = Debug|Any CPU
		{F7D2F4F3-7A2D-42FB-855E-428A8E17A0F9}.Debug|Any CPU.Build.0 = Debug|Any CPU
		{F7D2F4F3-7A2D-42FB-855E-428A8E17A0F9}.Debug|x64.ActiveCfg = Debug|Any CPU
		{F7D2F4F3-7A2D-42FB-855E-428A8E17A0F9}.Debug|x64.Build.0 = Debug|Any CPU
		{F7D2F4F3-7A2D-42FB-855E-428A8E17A0F9}.Debug|x86.ActiveCfg = Debug|Any CPU
		{F7D2F4F3-7A2D-42FB-855E-428A8E17A0F9}.Debug|x86.Build.0 = Debug|Any CPU
		{F7D2F4F3-7A2D-42FB-855E-428A8E17A0F9}.Release|Any CPU.ActiveCfg = Release|Any CPU
		{F7D2F4F3-7A2D-42FB-855E-428A8E17A0F9}.Release|Any CPU.Build.0 = Release|Any CPU
		{F7D2F4F3-7A2D-42FB-855E-428A8E17A0F9}.Release|x64.ActiveCfg = Release|Any CPU
		{F7D2F4F3-7A2D-42FB-855E-428A8E17A0F9}.Release|x64.Build.0 = Release|Any CPU
		{F7D2F4F3-7A2D-42FB-855E-428A8E17A0F9}.Release|x86.ActiveCfg = Release|Any CPU
		{F7D2F4F3-7A2D-42FB-855E-428A8E17A0F9}.Release|x86.Build.0 = Release|Any CPU
		{4D57E550-4E91-4201-9DDB-3C2C2C12CEFA}.Debug|Any CPU.ActiveCfg = Debug|Any CPU
		{4D57E550-4E91-4201-9DDB-3C2C2C12CEFA}.Debug|Any CPU.Build.0 = Debug|Any CPU
		{4D57E550-4E91-4201-9DDB-3C2C2C12CEFA}.Debug|x64.ActiveCfg = Debug|Any CPU
		{4D57E550-4E91-4201-9DDB-3C2C2C12CEFA}.Debug|x86.ActiveCfg = Debug|Any CPU
		{4D57E550-4E91-4201-9DDB-3C2C2C12CEFA}.Release|Any CPU.ActiveCfg = Release|Any CPU
		{4D57E550-4E91-4201-9DDB-3C2C2C12CEFA}.Release|Any CPU.Build.0 = Release|Any CPU
		{4D57E550-4E91-4201-9DDB-3C2C2C12CEFA}.Release|x64.ActiveCfg = Release|Any CPU
		{4D57E550-4E91-4201-9DDB-3C2C2C12CEFA}.Release|x86.ActiveCfg = Release|Any CPU
		{1637B7A4-BDB7-435A-A678-48D16513034B}.Debug|Any CPU.ActiveCfg = Debug|Any CPU
		{1637B7A4-BDB7-435A-A678-48D16513034B}.Debug|Any CPU.Build.0 = Debug|Any CPU
		{1637B7A4-BDB7-435A-A678-48D16513034B}.Debug|x64.ActiveCfg = Debug|Any CPU
		{1637B7A4-BDB7-435A-A678-48D16513034B}.Debug|x64.Build.0 = Debug|Any CPU
		{1637B7A4-BDB7-435A-A678-48D16513034B}.Debug|x86.ActiveCfg = Debug|Any CPU
		{1637B7A4-BDB7-435A-A678-48D16513034B}.Debug|x86.Build.0 = Debug|Any CPU
		{1637B7A4-BDB7-435A-A678-48D16513034B}.Release|Any CPU.ActiveCfg = Release|Any CPU
		{1637B7A4-BDB7-435A-A678-48D16513034B}.Release|Any CPU.Build.0 = Release|Any CPU
		{1637B7A4-BDB7-435A-A678-48D16513034B}.Release|x64.ActiveCfg = Release|Any CPU
		{1637B7A4-BDB7-435A-A678-48D16513034B}.Release|x64.Build.0 = Release|Any CPU
		{1637B7A4-BDB7-435A-A678-48D16513034B}.Release|x86.ActiveCfg = Release|Any CPU
		{1637B7A4-BDB7-435A-A678-48D16513034B}.Release|x86.Build.0 = Release|Any CPU
		{F154CB25-CA64-468C-8920-41B619E1FAF1}.Debug|Any CPU.ActiveCfg = Debug|Any CPU
		{F154CB25-CA64-468C-8920-41B619E1FAF1}.Debug|Any CPU.Build.0 = Debug|Any CPU
		{F154CB25-CA64-468C-8920-41B619E1FAF1}.Debug|x64.ActiveCfg = Debug|Any CPU
		{F154CB25-CA64-468C-8920-41B619E1FAF1}.Debug|x64.Build.0 = Debug|Any CPU
		{F154CB25-CA64-468C-8920-41B619E1FAF1}.Debug|x86.ActiveCfg = Debug|Any CPU
		{F154CB25-CA64-468C-8920-41B619E1FAF1}.Debug|x86.Build.0 = Debug|Any CPU
		{F154CB25-CA64-468C-8920-41B619E1FAF1}.Release|Any CPU.ActiveCfg = Release|Any CPU
		{F154CB25-CA64-468C-8920-41B619E1FAF1}.Release|Any CPU.Build.0 = Release|Any CPU
		{F154CB25-CA64-468C-8920-41B619E1FAF1}.Release|x64.ActiveCfg = Release|Any CPU
		{F154CB25-CA64-468C-8920-41B619E1FAF1}.Release|x64.Build.0 = Release|Any CPU
		{F154CB25-CA64-468C-8920-41B619E1FAF1}.Release|x86.ActiveCfg = Release|Any CPU
		{F154CB25-CA64-468C-8920-41B619E1FAF1}.Release|x86.Build.0 = Release|Any CPU
		{013DF5FC-DAE2-4B66-92B8-178B24B2EE48}.Debug|Any CPU.ActiveCfg = Debug|Any CPU
		{013DF5FC-DAE2-4B66-92B8-178B24B2EE48}.Debug|Any CPU.Build.0 = Debug|Any CPU
		{013DF5FC-DAE2-4B66-92B8-178B24B2EE48}.Debug|x64.ActiveCfg = Debug|Any CPU
		{013DF5FC-DAE2-4B66-92B8-178B24B2EE48}.Debug|x64.Build.0 = Debug|Any CPU
		{013DF5FC-DAE2-4B66-92B8-178B24B2EE48}.Debug|x86.ActiveCfg = Debug|Any CPU
		{013DF5FC-DAE2-4B66-92B8-178B24B2EE48}.Debug|x86.Build.0 = Debug|Any CPU
		{013DF5FC-DAE2-4B66-92B8-178B24B2EE48}.Release|Any CPU.ActiveCfg = Release|Any CPU
		{013DF5FC-DAE2-4B66-92B8-178B24B2EE48}.Release|Any CPU.Build.0 = Release|Any CPU
		{013DF5FC-DAE2-4B66-92B8-178B24B2EE48}.Release|x64.ActiveCfg = Release|Any CPU
		{013DF5FC-DAE2-4B66-92B8-178B24B2EE48}.Release|x64.Build.0 = Release|Any CPU
		{013DF5FC-DAE2-4B66-92B8-178B24B2EE48}.Release|x86.ActiveCfg = Release|Any CPU
		{013DF5FC-DAE2-4B66-92B8-178B24B2EE48}.Release|x86.Build.0 = Release|Any CPU
		{208FFE91-C334-4F15-89F2-ECD868C23791}.Debug|Any CPU.ActiveCfg = Debug|Any CPU
		{208FFE91-C334-4F15-89F2-ECD868C23791}.Debug|Any CPU.Build.0 = Debug|Any CPU
		{208FFE91-C334-4F15-89F2-ECD868C23791}.Debug|x64.ActiveCfg = Debug|Any CPU
		{208FFE91-C334-4F15-89F2-ECD868C23791}.Debug|x64.Build.0 = Debug|Any CPU
		{208FFE91-C334-4F15-89F2-ECD868C23791}.Debug|x86.ActiveCfg = Debug|Any CPU
		{208FFE91-C334-4F15-89F2-ECD868C23791}.Debug|x86.Build.0 = Debug|Any CPU
		{208FFE91-C334-4F15-89F2-ECD868C23791}.Release|Any CPU.ActiveCfg = Release|Any CPU
		{208FFE91-C334-4F15-89F2-ECD868C23791}.Release|Any CPU.Build.0 = Release|Any CPU
		{208FFE91-C334-4F15-89F2-ECD868C23791}.Release|x64.ActiveCfg = Release|Any CPU
		{208FFE91-C334-4F15-89F2-ECD868C23791}.Release|x64.Build.0 = Release|Any CPU
		{208FFE91-C334-4F15-89F2-ECD868C23791}.Release|x86.ActiveCfg = Release|Any CPU
		{208FFE91-C334-4F15-89F2-ECD868C23791}.Release|x86.Build.0 = Release|Any CPU
		{76E78C54-6229-4F57-9FD2-E5C2A5D44E90}.Debug|Any CPU.ActiveCfg = Debug|Any CPU
		{76E78C54-6229-4F57-9FD2-E5C2A5D44E90}.Debug|Any CPU.Build.0 = Debug|Any CPU
		{76E78C54-6229-4F57-9FD2-E5C2A5D44E90}.Debug|x64.ActiveCfg = Debug|Any CPU
		{76E78C54-6229-4F57-9FD2-E5C2A5D44E90}.Debug|x64.Build.0 = Debug|Any CPU
		{76E78C54-6229-4F57-9FD2-E5C2A5D44E90}.Debug|x86.ActiveCfg = Debug|Any CPU
		{76E78C54-6229-4F57-9FD2-E5C2A5D44E90}.Debug|x86.Build.0 = Debug|Any CPU
		{76E78C54-6229-4F57-9FD2-E5C2A5D44E90}.Release|Any CPU.ActiveCfg = Release|Any CPU
		{76E78C54-6229-4F57-9FD2-E5C2A5D44E90}.Release|Any CPU.Build.0 = Release|Any CPU
		{76E78C54-6229-4F57-9FD2-E5C2A5D44E90}.Release|x64.ActiveCfg = Release|Any CPU
		{76E78C54-6229-4F57-9FD2-E5C2A5D44E90}.Release|x64.Build.0 = Release|Any CPU
		{76E78C54-6229-4F57-9FD2-E5C2A5D44E90}.Release|x86.ActiveCfg = Release|Any CPU
		{76E78C54-6229-4F57-9FD2-E5C2A5D44E90}.Release|x86.Build.0 = Release|Any CPU
		{CC8DDC96-15F2-4C38-AAE1-7A0AD060CC66}.Debug|Any CPU.ActiveCfg = Debug|Any CPU
		{CC8DDC96-15F2-4C38-AAE1-7A0AD060CC66}.Debug|Any CPU.Build.0 = Debug|Any CPU
		{CC8DDC96-15F2-4C38-AAE1-7A0AD060CC66}.Debug|x64.ActiveCfg = Debug|Any CPU
		{CC8DDC96-15F2-4C38-AAE1-7A0AD060CC66}.Debug|x64.Build.0 = Debug|Any CPU
		{CC8DDC96-15F2-4C38-AAE1-7A0AD060CC66}.Debug|x86.ActiveCfg = Debug|Any CPU
		{CC8DDC96-15F2-4C38-AAE1-7A0AD060CC66}.Debug|x86.Build.0 = Debug|Any CPU
		{CC8DDC96-15F2-4C38-AAE1-7A0AD060CC66}.Release|Any CPU.ActiveCfg = Release|Any CPU
		{CC8DDC96-15F2-4C38-AAE1-7A0AD060CC66}.Release|Any CPU.Build.0 = Release|Any CPU
		{CC8DDC96-15F2-4C38-AAE1-7A0AD060CC66}.Release|x64.ActiveCfg = Release|Any CPU
		{CC8DDC96-15F2-4C38-AAE1-7A0AD060CC66}.Release|x64.Build.0 = Release|Any CPU
		{CC8DDC96-15F2-4C38-AAE1-7A0AD060CC66}.Release|x86.ActiveCfg = Release|Any CPU
		{CC8DDC96-15F2-4C38-AAE1-7A0AD060CC66}.Release|x86.Build.0 = Release|Any CPU
		{658DC64E-A79A-4280-B7E1-2CEBAFF81F1A}.Debug|Any CPU.ActiveCfg = Debug|Any CPU
		{658DC64E-A79A-4280-B7E1-2CEBAFF81F1A}.Debug|Any CPU.Build.0 = Debug|Any CPU
		{658DC64E-A79A-4280-B7E1-2CEBAFF81F1A}.Debug|x64.ActiveCfg = Debug|Any CPU
		{658DC64E-A79A-4280-B7E1-2CEBAFF81F1A}.Debug|x64.Build.0 = Debug|Any CPU
		{658DC64E-A79A-4280-B7E1-2CEBAFF81F1A}.Debug|x86.ActiveCfg = Debug|Any CPU
		{658DC64E-A79A-4280-B7E1-2CEBAFF81F1A}.Debug|x86.Build.0 = Debug|Any CPU
		{658DC64E-A79A-4280-B7E1-2CEBAFF81F1A}.Release|Any CPU.ActiveCfg = Release|Any CPU
		{658DC64E-A79A-4280-B7E1-2CEBAFF81F1A}.Release|Any CPU.Build.0 = Release|Any CPU
		{658DC64E-A79A-4280-B7E1-2CEBAFF81F1A}.Release|x64.ActiveCfg = Release|Any CPU
		{658DC64E-A79A-4280-B7E1-2CEBAFF81F1A}.Release|x64.Build.0 = Release|Any CPU
		{658DC64E-A79A-4280-B7E1-2CEBAFF81F1A}.Release|x86.ActiveCfg = Release|Any CPU
		{658DC64E-A79A-4280-B7E1-2CEBAFF81F1A}.Release|x86.Build.0 = Release|Any CPU
		{D95C8DDB-87AF-45D3-981A-B53E93184F6B}.Debug|Any CPU.ActiveCfg = Debug|Any CPU
		{D95C8DDB-87AF-45D3-981A-B53E93184F6B}.Debug|Any CPU.Build.0 = Debug|Any CPU
		{D95C8DDB-87AF-45D3-981A-B53E93184F6B}.Debug|x64.ActiveCfg = Debug|Any CPU
		{D95C8DDB-87AF-45D3-981A-B53E93184F6B}.Debug|x64.Build.0 = Debug|Any CPU
		{D95C8DDB-87AF-45D3-981A-B53E93184F6B}.Debug|x86.ActiveCfg = Debug|Any CPU
		{D95C8DDB-87AF-45D3-981A-B53E93184F6B}.Debug|x86.Build.0 = Debug|Any CPU
		{D95C8DDB-87AF-45D3-981A-B53E93184F6B}.Release|Any CPU.ActiveCfg = Release|Any CPU
		{D95C8DDB-87AF-45D3-981A-B53E93184F6B}.Release|Any CPU.Build.0 = Release|Any CPU
		{D95C8DDB-87AF-45D3-981A-B53E93184F6B}.Release|x64.ActiveCfg = Release|Any CPU
		{D95C8DDB-87AF-45D3-981A-B53E93184F6B}.Release|x64.Build.0 = Release|Any CPU
		{D95C8DDB-87AF-45D3-981A-B53E93184F6B}.Release|x86.ActiveCfg = Release|Any CPU
		{D95C8DDB-87AF-45D3-981A-B53E93184F6B}.Release|x86.Build.0 = Release|Any CPU
		{873C0735-D99D-4C0C-8878-6450A2F797E0}.Debug|Any CPU.ActiveCfg = Debug|Any CPU
		{873C0735-D99D-4C0C-8878-6450A2F797E0}.Debug|Any CPU.Build.0 = Debug|Any CPU
		{873C0735-D99D-4C0C-8878-6450A2F797E0}.Debug|x64.ActiveCfg = Debug|Any CPU
		{873C0735-D99D-4C0C-8878-6450A2F797E0}.Debug|x64.Build.0 = Debug|Any CPU
		{873C0735-D99D-4C0C-8878-6450A2F797E0}.Debug|x86.ActiveCfg = Debug|Any CPU
		{873C0735-D99D-4C0C-8878-6450A2F797E0}.Debug|x86.Build.0 = Debug|Any CPU
		{873C0735-D99D-4C0C-8878-6450A2F797E0}.Release|Any CPU.ActiveCfg = Release|Any CPU
		{873C0735-D99D-4C0C-8878-6450A2F797E0}.Release|Any CPU.Build.0 = Release|Any CPU
		{873C0735-D99D-4C0C-8878-6450A2F797E0}.Release|x64.ActiveCfg = Release|Any CPU
		{873C0735-D99D-4C0C-8878-6450A2F797E0}.Release|x64.Build.0 = Release|Any CPU
		{873C0735-D99D-4C0C-8878-6450A2F797E0}.Release|x86.ActiveCfg = Release|Any CPU
		{873C0735-D99D-4C0C-8878-6450A2F797E0}.Release|x86.Build.0 = Release|Any CPU
		{637FCD73-0E71-45F6-9DF0-F51CFED9A8F5}.Debug|Any CPU.ActiveCfg = Debug|Any CPU
		{637FCD73-0E71-45F6-9DF0-F51CFED9A8F5}.Debug|Any CPU.Build.0 = Debug|Any CPU
		{637FCD73-0E71-45F6-9DF0-F51CFED9A8F5}.Debug|x64.ActiveCfg = Debug|Any CPU
		{637FCD73-0E71-45F6-9DF0-F51CFED9A8F5}.Debug|x64.Build.0 = Debug|Any CPU
		{637FCD73-0E71-45F6-9DF0-F51CFED9A8F5}.Debug|x86.ActiveCfg = Debug|Any CPU
		{637FCD73-0E71-45F6-9DF0-F51CFED9A8F5}.Debug|x86.Build.0 = Debug|Any CPU
		{637FCD73-0E71-45F6-9DF0-F51CFED9A8F5}.Release|Any CPU.ActiveCfg = Release|Any CPU
		{637FCD73-0E71-45F6-9DF0-F51CFED9A8F5}.Release|Any CPU.Build.0 = Release|Any CPU
		{637FCD73-0E71-45F6-9DF0-F51CFED9A8F5}.Release|x64.ActiveCfg = Release|Any CPU
		{637FCD73-0E71-45F6-9DF0-F51CFED9A8F5}.Release|x64.Build.0 = Release|Any CPU
		{637FCD73-0E71-45F6-9DF0-F51CFED9A8F5}.Release|x86.ActiveCfg = Release|Any CPU
		{637FCD73-0E71-45F6-9DF0-F51CFED9A8F5}.Release|x86.Build.0 = Release|Any CPU
		{5E0A2FE3-C979-4241-8C62-92D6D9E40ADD}.Debug|Any CPU.ActiveCfg = Debug|Any CPU
		{5E0A2FE3-C979-4241-8C62-92D6D9E40ADD}.Debug|Any CPU.Build.0 = Debug|Any CPU
		{5E0A2FE3-C979-4241-8C62-92D6D9E40ADD}.Debug|x64.ActiveCfg = Debug|Any CPU
		{5E0A2FE3-C979-4241-8C62-92D6D9E40ADD}.Debug|x64.Build.0 = Debug|Any CPU
		{5E0A2FE3-C979-4241-8C62-92D6D9E40ADD}.Debug|x86.ActiveCfg = Debug|Any CPU
		{5E0A2FE3-C979-4241-8C62-92D6D9E40ADD}.Debug|x86.Build.0 = Debug|Any CPU
		{5E0A2FE3-C979-4241-8C62-92D6D9E40ADD}.Release|Any CPU.ActiveCfg = Release|Any CPU
		{5E0A2FE3-C979-4241-8C62-92D6D9E40ADD}.Release|Any CPU.Build.0 = Release|Any CPU
		{5E0A2FE3-C979-4241-8C62-92D6D9E40ADD}.Release|x64.ActiveCfg = Release|Any CPU
		{5E0A2FE3-C979-4241-8C62-92D6D9E40ADD}.Release|x64.Build.0 = Release|Any CPU
		{5E0A2FE3-C979-4241-8C62-92D6D9E40ADD}.Release|x86.ActiveCfg = Release|Any CPU
		{5E0A2FE3-C979-4241-8C62-92D6D9E40ADD}.Release|x86.Build.0 = Release|Any CPU
		{28DBAD70-191D-466C-97EE-F25598362664}.Debug|Any CPU.ActiveCfg = Debug|Any CPU
		{28DBAD70-191D-466C-97EE-F25598362664}.Debug|Any CPU.Build.0 = Debug|Any CPU
		{28DBAD70-191D-466C-97EE-F25598362664}.Debug|x64.ActiveCfg = Debug|Any CPU
		{28DBAD70-191D-466C-97EE-F25598362664}.Debug|x64.Build.0 = Debug|Any CPU
		{28DBAD70-191D-466C-97EE-F25598362664}.Debug|x86.ActiveCfg = Debug|Any CPU
		{28DBAD70-191D-466C-97EE-F25598362664}.Debug|x86.Build.0 = Debug|Any CPU
		{28DBAD70-191D-466C-97EE-F25598362664}.Release|Any CPU.ActiveCfg = Release|Any CPU
		{28DBAD70-191D-466C-97EE-F25598362664}.Release|Any CPU.Build.0 = Release|Any CPU
		{28DBAD70-191D-466C-97EE-F25598362664}.Release|x64.ActiveCfg = Release|Any CPU
		{28DBAD70-191D-466C-97EE-F25598362664}.Release|x64.Build.0 = Release|Any CPU
		{28DBAD70-191D-466C-97EE-F25598362664}.Release|x86.ActiveCfg = Release|Any CPU
		{28DBAD70-191D-466C-97EE-F25598362664}.Release|x86.Build.0 = Release|Any CPU
	EndGlobalSection
	GlobalSection(SolutionProperties) = preSolution
		HideSolutionNode = FALSE
	EndGlobalSection
	GlobalSection(NestedProjects) = preSolution
		{6AA8CF6A-6F23-46BA-A458-924B999C2ECB} = {A9BD8E4E-35E2-4813-903D-3527D8E5E3B9}
		{95AE4AA5-D16E-41C6-88FE-FCF190DD3D80} = {065C6A67-FC60-49C2-B1E0-1C1E872E1F77}
		{4313A55F-8858-4572-8A72-33F2A64E4310} = {A9BD8E4E-35E2-4813-903D-3527D8E5E3B9}
		{F7D2F4F3-7A2D-42FB-855E-428A8E17A0F9} = {A9BD8E4E-35E2-4813-903D-3527D8E5E3B9}
		{4D57E550-4E91-4201-9DDB-3C2C2C12CEFA} = {065C6A67-FC60-49C2-B1E0-1C1E872E1F77}
		{1637B7A4-BDB7-435A-A678-48D16513034B} = {E98C7842-EEE6-4D32-8B8F-3922FC42D1BF}
		{F154CB25-CA64-468C-8920-41B619E1FAF1} = {E98C7842-EEE6-4D32-8B8F-3922FC42D1BF}
		{013DF5FC-DAE2-4B66-92B8-178B24B2EE48} = {E98C7842-EEE6-4D32-8B8F-3922FC42D1BF}
		{208FFE91-C334-4F15-89F2-ECD868C23791} = {E98C7842-EEE6-4D32-8B8F-3922FC42D1BF}
		{76E78C54-6229-4F57-9FD2-E5C2A5D44E90} = {065C6A67-FC60-49C2-B1E0-1C1E872E1F77}
		{CC8DDC96-15F2-4C38-AAE1-7A0AD060CC66} = {3F09A783-961F-4067-B77B-290C821E9BB4}
		{658DC64E-A79A-4280-B7E1-2CEBAFF81F1A} = {A9BD8E4E-35E2-4813-903D-3527D8E5E3B9}
		{D95C8DDB-87AF-45D3-981A-B53E93184F6B} = {A9BD8E4E-35E2-4813-903D-3527D8E5E3B9}
		{873C0735-D99D-4C0C-8878-6450A2F797E0} = {A9BD8E4E-35E2-4813-903D-3527D8E5E3B9}
		{637FCD73-0E71-45F6-9DF0-F51CFED9A8F5} = {A9BD8E4E-35E2-4813-903D-3527D8E5E3B9}
		{5E0A2FE3-C979-4241-8C62-92D6D9E40ADD} = {A9BD8E4E-35E2-4813-903D-3527D8E5E3B9}
		{28DBAD70-191D-466C-97EE-F25598362664} = {5C33A954-DDEF-4ECD-9B70-7DDCAA64473C}
	EndGlobalSection
	GlobalSection(ExtensibilityGlobals) = postSolution
		SolutionGuid = {3A846AD7-C6DD-4276-809C-CBD360DDC5E0}
	EndGlobalSection
EndGlobal
